
Microsoft Visual Studio Solution File, Format Version 12.00
# Visual Studio 2012
Project("{3947E667-4C90-4C3A-BEB9-7148D6FE0D7C}") = "dlang-from-mono", "dlang-from-mono\dlang-from-mono.dproj", "{16DACBEB-D5AB-4911-BC5B-33693B92B7AC}"
EndProject
Global
	GlobalSection(SolutionConfigurationPlatforms) = preSolution
		Debug|Any CPU = Debug|Any CPU
		Release|Any CPU = Release|Any CPU
		Unittest|Any CPU = Unittest|Any CPU
	EndGlobalSection
	GlobalSection(ProjectConfigurationPlatforms) = postSolution
		{16DACBEB-D5AB-4911-BC5B-33693B92B7AC}.Debug|Any CPU.ActiveCfg = Debug|Any CPU
		{16DACBEB-D5AB-4911-BC5B-33693B92B7AC}.Debug|Any CPU.Build.0 = Debug|Any CPU
		{16DACBEB-D5AB-4911-BC5B-33693B92B7AC}.Release|Any CPU.ActiveCfg = Release|Any CPU
		{16DACBEB-D5AB-4911-BC5B-33693B92B7AC}.Release|Any CPU.Build.0 = Release|Any CPU
		{16DACBEB-D5AB-4911-BC5B-33693B92B7AC}.Unittest|Any CPU.ActiveCfg = Unittest|Any CPU
		{16DACBEB-D5AB-4911-BC5B-33693B92B7AC}.Unittest|Any CPU.Build.0 = Unittest|Any CPU
	EndGlobalSection
EndGlobal
